PODS:
  - AFNetworking (3.2.1):
    - AFNetworking/NSURLSession (= 3.2.1)
    - AFNetworking/Reachability (= 3.2.1)
    - AFNetworking/Security (= 3.2.1)
    - AFNetworking/Serialization (= 3.2.1)
    - AFNetworking/UIKit (= 3.2.1)
  - AFNetworking/NSURLSession (3.2.1):
    - AFNetworking/Reachability
    - AFNetworking/Security
    - AFNetworking/Serialization
  - AFNetworking/Reachability (3.2.1)
  - AFNetworking/Security (3.2.1)
  - AFNetworking/Serialization (3.2.1)
  - AFNetworking/UIKit (3.2.1):
    - AFNetworking/NSURLSession
  - Flutter (0.1.0):
    - AFNetworking
  - flutter_plugin_network (0.0.1):
    - AFNetworking
    - Flutter
  - shared_preferences (0.0.1):
    - Flutter

DEPENDENCIES:
  - Flutter (from `Flutter`)
  - flutter_plugin_network (from `flutter_plugin_network`)
  - shared_preferences (from `shared_preferences`)

SPEC REPOS:
  https://github.com/cocoapods/specs.git:
    - AFNetworking

EXTERNAL SOURCES:
  Flutter:
    :path: Flutter
  flutter_plugin_network:
    :path: flutter_plugin_network
  shared_preferences:
    :path: shared_preferences

SPEC CHECKSUMS:
  AFNetworking: b6f891fdfaed196b46c7a83cf209e09697b94057
  Flutter: 3d4b6abf6676fd51298062466dd00b5319105680
  flutter_plugin_network: 72c41772a4d53d928247e300ce88c3d3d8b2066f
  shared_preferences: 1feebfa37bb57264736e16865e7ffae7fc99b523

PODFILE CHECKSUM: 23beb3b23d5c01da431eca3263766405cb01e778

COCOAPODS: 1.7.5
